
Microsoft Visual Studio Solution File, Format Version 12.00
# Visual Studio Version 16
VisualStudioVersion = 16.0.30104.148
MinimumVisualStudioVersion = 10.0.40219.1
Project("{FAE04EC0-301F-11D3-BF4B-00C04F79EFBC}") = "ExampleApp", "ExampleApp.csproj", "{05ED9F82-770D-4A8A-885A-F31CEF55F526}"
EndProject
Global
	GlobalSection(SolutionConfigurationPlatforms) = preSolution
		Debug|Any CPU = Debug|Any CPU
		Release|Any CPU = Release|Any CPU
	EndGlobalSection
	GlobalSection(ProjectConfigurationPlatforms) = postSolution
		{05ED9F82-770D-4A8A-885A-F31CEF55F526}.Debug|Any CPU.ActiveCfg = Debug|Any CPU
		{05ED9F82-770D-4A8A-885A-F31CEF55F526}.Debug|Any CPU.Build.0 = Debug|Any CPU
		{05ED9F82-770D-4A8A-885A-F31CEF55F526}.Release|Any CPU.ActiveCfg = Release|Any CPU
		{05ED9F82-770D-4A8A-885A-F31CEF55F526}.Release|Any CPU.Build.0 = Release|Any CPU
	EndGlobalSection
	GlobalSection(SolutionProperties) = preSolution
		HideSolutionNode = FALSE
	EndGlobalSection
	GlobalSection(ExtensibilityGlobals) = postSolution
		SolutionGuid = {CA6C9175-C62C-4390-BC10-9669B5CD2FD1}
	EndGlobalSection
EndGlobal
